// !$*UTF8*$!
{
	archiveVersion = 1;
	classes = {
	};
	objectVersion = 55;
	objects = {

/* Begin PBXBuildFile section */
		D319BCC31E26A79B00574BC2 /* emailOtpPage.swift in Sources */ = {isa = PBXBuildFile; fileRef = D319BCC21E26A79B00574BC2 /* emailOtpPage.swift */; };
		D32E7B24297C0AA80080AC6D /* needHelpPage.swift in Sources */ = {isa = PBXBuildFile; fileRef = D32E7B23297C0AA80080AC6D /* needHelpPage.swift */; };
		D33E2597297F9F5000242C2A /* Screenshot_20230124-113122_Facebook (1).jpg in Resources */ = {isa = PBXBuildFile; fileRef = D33E2596297F9F5000242C2A /* Screenshot_20230124-113122_Facebook (1).jpg */; };
		D36DC51F2979D4F100DE6B62 /* signupPage.swift in Sources */ = {isa = PBXBuildFile; fileRef = D36DC51E2979D4F100DE6B62 /* signupPage.swift */; };
		D36F43301E2DFB940092EEA1 /* Launch Screen.storyboard in Resources */ = {isa = PBXBuildFile; fileRef = D36F432F1E2DFB940092EEA1 /* Launch Screen.storyboard */; };
		D3737F0129788B2A000B68B2 /* enterOtpPage.swift in Sources */ = {isa = PBXBuildFile; fileRef = D3737F0029788B2A000B68B2 /* enterOtpPage.swift */; };
		D37BCBCB1E268CBB00A33A2B /* AppDelegate.swift in Sources */ = {isa = PBXBuildFile; fileRef = D37BCBCA1E268CBB00A33A2B /* AppDelegate.swift */; };
		D37BCBCD1E268CBB00A33A2B /* SceneDelegate.swift in Sources */ = {isa = PBXBuildFile; fileRef = D37BCBCC1E268CBB00A33A2B /* SceneDelegate.swift */; };
		D37BCBCF1E268CBB00A33A2B /* ViewController.swift in Sources */ = {isa = PBXBuildFile; fileRef = D37BCBCE1E268CBB00A33A2B /* ViewController.swift */; };
		D37BCBD21E268CBB00A33A2B /* Main.storyboard in Resources */ = {isa = PBXBuildFile; fileRef = D37BCBD01E268CBB00A33A2B /* Main.storyboard */; };
		D37BCBD41E268CBD00A33A2B /* Assets.xcassets in Resources */ = {isa = PBXBuildFile; fileRef = D37BCBD31E268CBD00A33A2B /* Assets.xcassets */; };
		D37BCBDF1E26920E00A33A2B /* loginEnterPage.swift in Sources */ = {isa = PBXBuildFile; fileRef = D37BCBDE1E26920E00A33A2B /* loginEnterPage.swift */; };
		D37BCBE11E26966900A33A2B /* otpPage.swift in Sources */ = {isa = PBXBuildFile; fileRef = D37BCBE01E26966900A33A2B /* otpPage.swift */; };
/* End PBXBuildFile section */

/* Begin PBXFileReference section */
		D319BCC21E26A79B00574BC2 /* emailOtpPage.swift */ = {isa = PBXFileReference; lastKnownFileType = sourcecode.swift; path = emailOtpPage.swift; sourceTree = "<group>"; };
		D32E7B23297C0AA80080AC6D /* needHelpPage.swift */ = {isa = PBXFileReference; lastKnownFileType = sourcecode.swift; path = needHelpPage.swift; sourceTree = "<group>"; };
		D33E2596297F9F5000242C2A /* Screenshot_20230124-113122_Facebook (1).jpg */ = {isa = PBXFileReference; lastKnownFileType = image.jpeg; name = "Screenshot_20230124-113122_Facebook (1).jpg"; path = "Assets.xcassets/Screenshot_20230124-113122_Facebook (1).imageset/Screenshot_20230124-113122_Facebook (1).jpg"; sourceTree = "<group>"; };
		D36DC51E2979D4F100DE6B62 /* signupPage.swift */ = {isa = PBXFileReference; lastKnownFileType = sourcecode.swift; path = signupPage.swift; sourceTree = "<group>"; };
		D36F432F1E2DFB940092EEA1 /* Launch Screen.storyboard */ = {isa = PBXFileReference; lastKnownFileType = file.storyboard; path = "Launch Screen.storyboard"; sourceTree = "<group>"; };
		D3737F0029788B2A000B68B2 /* enterOtpPage.swift */ = {isa = PBXFileReference; lastKnownFileType = sourcecode.swift; path = enterOtpPage.swift; sourceTree = "<group>"; };
		D37BCBC71E268CBB00A33A2B /* loginpage.app */ = {isa = PBXFileReference; explicitFileType = wrapper.application; includeInIndex = 0; path = loginpage.app; sourceTree = BUILT_PRODUCTS_DIR; };
		D37BCBCA1E268CBB00A33A2B /* AppDelegate.swift */ = {isa = PBXFileReference; lastKnownFileType = sourcecode.swift; path = AppDelegate.swift; sourceTree = "<group>"; };
		D37BCBCC1E268CBB00A33A2B /* SceneDelegate.swift */ = {isa = PBXFileReference; lastKnownFileType = sourcecode.swift; path = SceneDelegate.swift; sourceTree = "<group>"; };
		D37BCBCE1E268CBB00A33A2B /* ViewController.swift */ = {isa = PBXFileReference; lastKnownFileType = sourcecode.swift; path = ViewController.swift; sourceTree = "<group>"; };
		D37BCBD11E268CBB00A33A2B /* Base */ = {isa = PBXFileReference; lastKnownFileType = file.storyboard; name = Base; path = Base.lproj/Main.storyboard; sourceTree = "<group>"; };
		D37BCBD31E268CBD00A33A2B /* Assets.xcassets */ = {isa = PBXFileReference; lastKnownFileType = folder.assetcatalog; path = Assets.xcassets; sourceTree = "<group>"; };
		D37BCBD81E268CBD00A33A2B /* Info.plist */ = {isa = PBXFileReference; lastKnownFileType = text.plist.xml; path = Info.plist; sourceTree = "<group>"; };
		D37BCBDE1E26920E00A33A2B /* loginEnterPage.swift */ = {isa = PBXFileReference; lastKnownFileType = sourcecode.swift; path = loginEnterPage.swift; sourceTree = "<group>"; };
		D37BCBE01E26966900A33A2B /* otpPage.swift */ = {isa = PBXFileReference; lastKnownFileType = sourcecode.swift; path = otpPage.swift; sourceTree = "<group>"; };
/* End PBXFileReference section */

/* Begin PBXFrameworksBuildPhase section */
		D37BCBC41E268CBB00A33A2B /* Frameworks */ = {
			isa = PBXFrameworksBuildPhase;
			buildActionMask = 2147483647;
			files = (
			);
			runOnlyForDeploymentPostprocessing = 0;
		};
/* End PBXFrameworksBuildPhase section */

/* Begin PBXGroup section */
		D37BCBBE1E268CBB00A33A2B = {
			isa = PBXGroup;
			children = (
				D37BCBC91E268CBB00A33A2B /* loginpage */,
				D37BCBC81E268CBB00A33A2B /* Products */,
			);
			sourceTree = "<group>";
		};
		D37BCBC81E268CBB00A33A2B /* Products */ = {
			isa = PBXGroup;
			children = (
				D37BCBC71E268CBB00A33A2B /* loginpage.app */,
			);
			name = Products;
			sourceTree = "<group>";
		};
		D37BCBC91E268CBB00A33A2B /* loginpage */ = {
			isa = PBXGroup;
			children = (
				D37BCBCA1E268CBB00A33A2B /* AppDelegate.swift */,
				D37BCBCC1E268CBB00A33A2B /* SceneDelegate.swift */,
				D37BCBCE1E268CBB00A33A2B /* ViewController.swift */,
				D37BCBD01E268CBB00A33A2B /* Main.storyboard */,
				D32E7B23297C0AA80080AC6D /* needHelpPage.swift */,
				D36DC51E2979D4F100DE6B62 /* signupPage.swift */,
				D3737F0029788B2A000B68B2 /* enterOtpPage.swift */,
				D319BCC21E26A79B00574BC2 /* emailOtpPage.swift */,
				D37BCBE01E26966900A33A2B /* otpPage.swift */,
				D36F432F1E2DFB940092EEA1 /* Launch Screen.storyboard */,
				D37BCBDE1E26920E00A33A2B /* loginEnterPage.swift */,
				D37BCBD31E268CBD00A33A2B /* Assets.xcassets */,
				D37BCBD81E268CBD00A33A2B /* Info.plist */,
				D33E2596297F9F5000242C2A /* Screenshot_20230124-113122_Facebook (1).jpg */,
			);
			path = loginpage;
			sourceTree = "<group>";
		};
/* End PBXGroup section */

/* Begin PBXNativeTarget section */
		D37BCBC61E268CBB00A33A2B /* loginpage */ = {
			isa = PBXNativeTarget;
			buildConfigurationList = D37BCBDB1E268CBD00A33A2B /* Build configuration list for PBXNativeTarget "loginpage" */;
			buildPhases = (
				D37BCBC31E268CBB00A33A2B /* Sources */,
				D37BCBC41E268CBB00A33A2B /* Frameworks */,
				D37BCBC51E268CBB00A33A2B /* Resources */,
			);
			buildRules = (
			);
			dependencies = (
			);
			name = loginpage;
			productName = loginpage;
			productReference = D37BCBC71E268CBB00A33A2B /* loginpage.app */;
			productType = "com.apple.product-type.application";
		};
/* End PBXNativeTarget section */

/* Begin PBXProject section */
		D37BCBBF1E268CBB00A33A2B /* Project object */ = {
			isa = PBXProject;
			attributes = {
				BuildIndependentTargetsInParallel = 1;
				LastSwiftUpdateCheck = 1300;
				LastUpgradeCheck = 1300;
				TargetAttributes = {
					D37BCBC61E268CBB00A33A2B = {
						CreatedOnToolsVersion = 13.0;
					};
				};
			};
			buildConfigurationList = D37BCBC21E268CBB00A33A2B /* Build configuration list for PBXProject "loginpage" */;
			compatibilityVersion = "Xcode 13.0";
			developmentRegion = en;
			hasScannedForEncodings = 0;
			knownRegions = (
				en,
				Base,
			);
			mainGroup = D37BCBBE1E268CBB00A33A2B;
			productRefGroup = D37BCBC81E268CBB00A33A2B /* Products */;
			projectDirPath = "";
			projectRoot = "";
			targets = (
				D37BCBC61E268CBB00A33A2B /* loginpage */,
			);
		};
/* End PBXProject section */

/* Begin PBXResourcesBuildPhase section */
		D37BCBC51E268CBB00A33A2B /* Resources */ = {
			isa = PBXResourcesBuildPhase;
			buildActionMask = 2147483647;
			files = (
				D36F43301E2DFB940092EEA1 /* Launch Screen.storyboard in Resources */,
				D37BCBD41E268CBD00A33A2B /* Assets.xcassets in Resources */,
				D37BCBD21E268CBB00A33A2B /* Main.storyboard in Resources */,
				D33E2597297F9F5000242C2A /* Screenshot_20230124-113122_Facebook (1).jpg in Resources */,
			);
			runOnlyForDeploymentPostprocessing = 0;
		};
/* End PBXResourcesBuildPhase section */

/* Begin PBXSourcesBuildPhase section */
		D37BCBC31E268CBB00A33A2B /* Sources */ = {
			isa = PBXSourcesBuildPhase;
			buildActionMask = 2147483647;
			files = (
				D36DC51F2979D4F100DE6B62 /* signupPage.swift in Sources */,
				D37BCBCF1E268CBB00A33A2B /* ViewController.swift in Sources */,
				D3737F0129788B2A000B68B2 /* enterOtpPage.swift in Sources */,
				D37BCBCB1E268CBB00A33A2B /* AppDelegate.swift in Sources */,
				D37BCBE11E26966900A33A2B /* otpPage.swift in Sources */,
				D319BCC31E26A79B00574BC2 /* emailOtpPage.swift in Sources */,
				D32E7B24297C0AA80080AC6D /* needHelpPage.swift in Sources */,
				D37BCBCD1E268CBB00A33A2B /* SceneDelegate.swift in Sources */,
				D37BCBDF1E26920E00A33A2B /* loginEnterPage.swift in Sources */,
			);
			runOnlyForDeploymentPostprocessing = 0;
		};
/* End PBXSourcesBuildPhase section */

/* Begin PBXVariantGroup section */
		D37BCBD01E268CBB00A33A2B /* Main.storyboard */ = {
			isa = PBXVariantGroup;
			children = (
				D37BCBD11E268CBB00A33A2B /* Base */,
			);
			name = Main.storyboard;
			sourceTree = "<group>";
		};
/* End PBXVariantGroup section */

/* Begin XCBuildConfiguration section */
		D37BCBD91E268CBD00A33A2B /* Debug */ = {
			isa = XCBuildConfiguration;
			buildSettings = {
				ALWAYS_SEARCH_USER_PATHS = NO;
				CLANG_ANALYZER_NONNULL = YES;
				CLANG_ANALYZER_NUMBER_OBJECT_CONVERSION = YES_AGGRESSIVE;
				CLANG_CXX_LANGUAGE_STANDARD = "gnu++17";
				CLANG_CXX_LIBRARY = "libc++";
				CLANG_ENABLE_MODULES = YES;
				CLANG_ENABLE_OBJC_ARC = YES;
				CLANG_ENABLE_OBJC_WEAK = YES;
				CLANG_WARN_BLOCK_CAPTURE_AUTORELEASING = YES;
				CLANG_WARN_BOOL_CONVERSION = YES;
				CLANG_WARN_COMMA = YES;
				CLANG_WARN_CONSTANT_CONVERSION = YES;
				CLANG_WARN_DEPRECATED_OBJC_IMPLEMENTATIONS = YES;
				CLANG_WARN_DIRECT_OBJC_ISA_USAGE = YES_ERROR;
				CLANG_WARN_DOCUMENTATION_COMMENTS = YES;
				CLANG_WARN_EMPTY_BODY = YES;
				CLANG_WARN_ENUM_CONVERSION = YES;
				CLANG_WARN_INFINITE_RECURSION = YES;
				CLANG_WARN_INT_CONVERSION = YES;
				CLANG_WARN_NON_LITERAL_NULL_CONVERSION = YES;
				CLANG_WARN_OBJC_IMPLICIT_RETAIN_SELF = YES;
				CLANG_WARN_OBJC_LITERAL_CONVERSION = YES;
				CLANG_WARN_OBJC_ROOT_CLASS = YES_ERROR;
				CLANG_WARN_QUOTED_INCLUDE_IN_FRAMEWORK_HEADER = YES;
				CLANG_WARN_RANGE_LOOP_ANALYSIS = YES;
				CLANG_WARN_STRICT_PROTOTYPES = YES;
				CLANG_WARN_SUSPICIOUS_MOVE = YES;
				CLANG_WARN_UNGUARDED_AVAILABILITY = YES_AGGRESSIVE;
				CLANG_WARN_UNREACHABLE_CODE = YES;
				CLANG_WARN__DUPLICATE_METHOD_MATCH = YES;
				COPY_PHASE_STRIP = NO;
				DEBUG_INFORMATION_FORMAT = dwarf;
				ENABLE_STRICT_OBJC_MSGSEND = YES;
				ENABLE_TESTABILITY = YES;
				GCC_C_LANGUAGE_STANDARD = gnu11;
				GCC_DYNAMIC_NO_PIC = NO;
				GCC_NO_COMMON_BLOCKS = YES;
				GCC_OPTIMIZATION_LEVEL = 0;
				GCC_PREPROCESSOR_DEFINITIONS = (
					"DEBUG=1",
					"$(inherited)",
				);
				GCC_WARN_64_TO_32_BIT_CONVERSION = YES;
				GCC_WARN_ABOUT_RETURN_TYPE = YES_ERROR;
				GCC_WARN_UNDECLARED_SELECTOR = YES;
				GCC_WARN_UNINITIALIZED_AUTOS = YES_AGGRESSIVE;
				GCC_WARN_UNUSED_FUNCTION = YES;
				GCC_WARN_UNUSED_VARIABLE = YES;
				IPHONEOS_DEPLOYMENT_TARGET = 15.0;
				MTL_ENABLE_DEBUG_INFO = INCLUDE_SOURCE;
				MTL_FAST_MATH = YES;
				ONLY_ACTIVE_ARCH = YES;
				SDKROOT = iphoneos;
				SWIFT_ACTIVE_COMPILATION_CONDITIONS = DEBUG;
				SWIFT_OPTIMIZATION_LEVEL = "-Onone";
			};
			name = Debug;
		};
		D37BCBDA1E268CBD00A33A2B /* Release */ = {
			isa = XCBuildConfiguration;
			buildSettings = {
				ALWAYS_SEARCH_USER_PATHS = NO;
				CLANG_ANALYZER_NONNULL = YES;
				CLANG_ANALYZER_NUMBER_OBJECT_CONVERSION = YES_AGGRESSIVE;
				CLANG_CXX_LANGUAGE_STANDARD = "gnu++17";
				CLANG_CXX_LIBRARY = "libc++";
				CLANG_ENABLE_MODULES = YES;
				CLANG_ENABLE_OBJC_ARC = YES;
				CLANG_ENABLE_OBJC_WEAK = YES;
				CLANG_WARN_BLOCK_CAPTURE_AUTORELEASING = YES;
				CLANG_WARN_BOOL_CONVERSION = YES;
				CLANG_WARN_COMMA = YES;
				CLANG_WARN_CONSTANT_CONVERSION = YES;
				CLANG_WARN_DEPRECATED_OBJC_IMPLEMENTATIONS = YES;
				CLANG_WARN_DIRECT_OBJC_ISA_USAGE = YES_ERROR;
				CLANG_WARN_DOCUMENTATION_COMMENTS = YES;
				CLANG_WARN_EMPTY_BODY = YES;
				CLANG_WARN_ENUM_CONVERSION = YES;
				CLANG_WARN_INFINITE_RECURSION = YES;
				CLANG_WARN_INT_CONVERSION = YES;
				CLANG_WARN_NON_LITERAL_NULL_CONVERSION = YES;
				CLANG_WARN_OBJC_IMPLICIT_RETAIN_SELF = YES;
				CLANG_WARN_OBJC_LITERAL_CONVERSION = YES;
				CLANG_WARN_OBJC_ROOT_CLASS = YES_ERROR;
				CLANG_WARN_QUOTED_INCLUDE_IN_FRAMEWORK_HEADER = YES;
				CLANG_WARN_RANGE_LOOP_ANALYSIS = YES;
				CLANG_WARN_STRICT_PROTOTYPES = YES;
				CLANG_WARN_SUSPICIOUS_MOVE = YES;
				CLANG_WARN_UNGUARDED_AVAILABILITY = YES_AGGRESSIVE;
				CLANG_WARN_UNREACHABLE_CODE = YES;
				CLANG_WARN__DUPLICATE_METHOD_MATCH = YES;
				COPY_PHASE_STRIP = NO;
				DEBUG_INFORMATION_FORMAT = "dwarf-with-dsym";
				ENABLE_NS_ASSERTIONS = NO;
				ENABLE_STRICT_OBJC_MSGSEND = YES;
				GCC_C_LANGUAGE_STANDARD = gnu11;
				GCC_NO_COMMON_BLOCKS = YES;
				GCC_WARN_64_TO_32_BIT_CONVERSION = YES;
				GCC_WARN_ABOUT_RETURN_TYPE = YES_ERROR;
				GCC_WARN_UNDECLARED_SELECTOR = YES;
				GCC_WARN_UNINITIALIZED_AUTOS = YES_AGGRESSIVE;
				GCC_WARN_UNUSED_FUNCTION = YES;
				GCC_WARN_UNUSED_VARIABLE = YES;
				IPHONEOS_DEPLOYMENT_TARGET = 15.0;
				MTL_ENABLE_DEBUG_INFO = NO;
				MTL_FAST_MATH = YES;
				SDKROOT = iphoneos;
				SWIFT_COMPILATION_MODE = wholemodule;
				SWIFT_OPTIMIZATION_LEVEL = "-O";
				VALIDATE_PRODUCT = YES;
			};
			name = Release;
		};
		D37BCBDC1E268CBD00A33A2B /* Debug */ = {
			isa = XCBuildConfiguration;
			buildSettings = {
				ASSETCATALOG_COMPILER_APPICON_NAME = AppIcon;
				ASSETCATALOG_COMPILER_GLOBAL_ACCENT_COLOR_NAME = AccentColor;
				CODE_SIGN_STYLE = Automatic;
				CURRENT_PROJECT_VERSION = 1;
				GENERATE_INFOPLIST_FILE = YES;
				INFOPLIST_FILE = loginpage/Info.plist;
				INFOPLIST_KEY_UIApplicationSupportsIndirectInputEvents = YES;
				INFOPLIST_KEY_UILaunchStoryboardName = LaunchScreen;
				INFOPLIST_KEY_UIMainStoryboardFile = Main;
				INFOPLIST_KEY_UISupportedInterfaceOrientations_iPad = "UIInterfaceOrientationPortrait UIInterfaceOrientationPortraitUpsideDown UIInterfaceOrientationLandscapeLeft UIInterfaceOrientationLandscapeRight";
				INFOPLIST_KEY_UISupportedInterfaceOrientations_iPhone = "UIInterfaceOrientationPortrait UIInterfaceOrientationLandscapeLeft UIInterfaceOrientationLandscapeRight";
				LD_RUNPATH_SEARCH_PATHS = (
					"$(inherited)",
					"@executable_path/Frameworks",
				);
				MARKETING_VERSION = 1.0;
				PRODUCT_BUNDLE_IDENTIFIER = rnw.loginpage;
				PRODUCT_NAME = "$(TARGET_NAME)";
				SWIFT_EMIT_LOC_STRINGS = YES;
				SWIFT_VERSION = 5.0;
				TARGETED_DEVICE_FAMILY = "1,2";
			};
			name = Debug;
		};
		D37BCBDD1E268CBD00A33A2B /* Release */ = {
			isa = XCBuildConfiguration;
			buildSettings = {
				ASSETCATALOG_COMPILER_APPICON_NAME = AppIcon;
				ASSETCATALOG_COMPILER_GLOBAL_ACCENT_COLOR_NAME = AccentColor;
				CODE_SIGN_STYLE = Automatic;
				CURRENT_PROJECT_VERSION = 1;
				GENERATE_INFOPLIST_FILE = YES;
				INFOPLIST_FILE = loginpage/Info.plist;
				INFOPLIST_KEY_UIApplicationSupportsIndirectInputEvents = YES;
				INFOPLIST_KEY_UILaunchStoryboardName = LaunchScreen;
				INFOPLIST_KEY_UIMainStoryboardFile = Main;
				INFOPLIST_KEY_UISupportedInterfaceOrientations_iPad = "UIInterfaceOrientationPortrait UIInterfaceOrientationPortraitUpsideDown UIInterfaceOrientationLandscapeLeft UIInterfaceOrientationLandscapeRight";
				INFOPLIST_KEY_UISupportedInterfaceOrientations_iPhone = "UIInterfaceOrientationPortrait UIInterfaceOrientationLandscapeLeft UIInterfaceOrientationLandscapeRight";
				LD_RUNPATH_SEARCH_PATHS = (
					"$(inherited)",
					"@executable_path/Frameworks",
				);
				MARKETING_VERSION = 1.0;
				PRODUCT_BUNDLE_IDENTIFIER = rnw.loginpage;
				PRODUCT_NAME = "$(TARGET_NAME)";
				SWIFT_EMIT_LOC_STRINGS = YES;
				SWIFT_VERSION = 5.0;
				TARGETED_DEVICE_FAMILY = "1,2";
			};
			name = Release;
		};
/* End XCBuildConfiguration section */

/* Begin XCConfigurationList section */
		D37BCBC21E268CBB00A33A2B /* Build configuration list for PBXProject "loginpage" */ = {
			isa = XCConfigurationList;
			buildConfigurations = (
				D37BCBD91E268CBD00A33A2B /* Debug */,
				D37BCBDA1E268CBD00A33A2B /* Release */,
			);
			defaultConfigurationIsVisible = 0;
			defaultConfigurationName = Release;
		};
		D37BCBDB1E268CBD00A33A2B /* Build configuration list for PBXNativeTarget "loginpage" */ = {
			isa = XCConfigurationList;
			buildConfigurations = (
				D37BCBDC1E268CBD00A33A2B /* Debug */,
				D37BCBDD1E268CBD00A33A2B /* Release */,
			);
			defaultConfigurationIsVisible = 0;
			defaultConfigurationName = Release;
		};
/* End XCConfigurationList section */
	};
	rootObject = D37BCBBF1E268CBB00A33A2B /* Project object */;
}
